
Microsoft Visual Studio Solution File, Format Version 12.00
# Visual Studio Version 16
VisualStudioVersion = 16.0.30225.117
MinimumVisualStudioVersion = 10.0.40219.1
Project("{FAE04EC0-301F-11D3-BF4B-00C04F79EFBC}") = "WindowsFormsAppComponent", "WindowsFormsAppComponent\WindowsFormsAppComponent.csproj", "{6DAAF6A7-5E6F-402B-ACB8-49E0A26ED7F7}"
EndProject
Global
	GlobalSection(SolutionConfigurationPlatforms) = preSolution
		Debug|Any CPU = Debug|Any CPU
		Release|Any CPU = Release|Any CPU
	EndGlobalSection
	GlobalSection(ProjectConfigurationPlatforms) = postSolution
		{6DAAF6A7-5E6F-402B-ACB8-49E0A26ED7F7}.Debug|Any CPU.ActiveCfg = Debug|Any CPU
		{6DAAF6A7-5E6F-402B-ACB8-49E0A26ED7F7}.Debug|Any CPU.Build.0 = Debug|Any CPU
		{6DAAF6A7-5E6F-402B-ACB8-49E0A26ED7F7}.Release|Any CPU.ActiveCfg = Release|Any CPU
		{6DAAF6A7-5E6F-402B-ACB8-49E0A26ED7F7}.Release|Any CPU.Build.0 = Release|Any CPU
	EndGlobalSection
	GlobalSection(SolutionProperties) = preSolution
		HideSolutionNode = FALSE
	EndGlobalSection
	GlobalSection(ExtensibilityGlobals) = postSolution
		SolutionGuid = {8E1D9C19-48D2-4BDE-8C28-56E70BFB6682}
	EndGlobalSection
EndGlobal
